
Microsoft Visual Studio Solution File, Format Version 12.00
# Visual Studio Version 17
VisualStudioVersion = 17.0.31903.59
MinimumVisualStudioVersion = 10.0.40219.1
Project("{2150E333-8FDC-42A3-9474-1A3956D46DE8}") = "WindowsApp", "WindowsApp", "{A9F27808-D288-0C6F-84AA-A75B49CFA878}"
EndProject
Project("{FAE04EC0-301F-11D3-BF4B-00C04F79EFBC}") = "MSIInstaller", "WindowsApp\MSIInstaller.csproj", "{5D6A07D2-A581-4919-8EA4-1E43781C0249}"
EndProject
Project("{2150E333-8FDC-42A3-9474-1A3956D46DE8}") = "WebApp", "WebApp", "{7E50A06F-A38B-7BE7-1137-409223B8AEF0}"
EndProject
Project("{FAE04EC0-301F-11D3-BF4B-00C04F79EFBC}") = "MSIInstallerWeb", "WebApp\MSIInstallerWeb.csproj", "{052BC4B0-67A8-49C3-8DF0-B8C300F4572D}"
EndProject
Global
	GlobalSection(SolutionConfigurationPlatforms) = preSolution
		Debug|Any CPU = Debug|Any CPU
		Debug|x64 = Debug|x64
		Debug|x86 = Debug|x86
		Release|Any CPU = Release|Any CPU
		Release|x64 = Release|x64
		Release|x86 = Release|x86
	EndGlobalSection
	GlobalSection(ProjectConfigurationPlatforms) = postSolution
		{5D6A07D2-A581-4919-8EA4-1E43781C0249}.Debug|Any CPU.ActiveCfg = Debug|Any CPU
		{5D6A07D2-A581-4919-8EA4-1E43781C0249}.Debug|Any CPU.Build.0 = Debug|Any CPU
		{5D6A07D2-A581-4919-8EA4-1E43781C0249}.Debug|x64.ActiveCfg = Debug|Any CPU
		{5D6A07D2-A581-4919-8EA4-1E43781C0249}.Debug|x64.Build.0 = Debug|Any CPU
		{5D6A07D2-A581-4919-8EA4-1E43781C0249}.Debug|x86.ActiveCfg = Debug|Any CPU
		{5D6A07D2-A581-4919-8EA4-1E43781C0249}.Debug|x86.Build.0 = Debug|Any CPU
		{5D6A07D2-A581-4919-8EA4-1E43781C0249}.Release|Any CPU.ActiveCfg = Release|Any CPU
		{5D6A07D2-A581-4919-8EA4-1E43781C0249}.Release|Any CPU.Build.0 = Release|Any CPU
		{5D6A07D2-A581-4919-8EA4-1E43781C0249}.Release|x64.ActiveCfg = Release|Any CPU
		{5D6A07D2-A581-4919-8EA4-1E43781C0249}.Release|x64.Build.0 = Release|Any CPU
		{5D6A07D2-A581-4919-8EA4-1E43781C0249}.Release|x86.ActiveCfg = Release|Any CPU
		{5D6A07D2-A581-4919-8EA4-1E43781C0249}.Release|x86.Build.0 = Release|Any CPU
		{052BC4B0-67A8-49C3-8DF0-B8C300F4572D}.Debug|Any CPU.ActiveCfg = Debug|Any CPU
		{052BC4B0-67A8-49C3-8DF0-B8C300F4572D}.Debug|Any CPU.Build.0 = Debug|Any CPU
		{052BC4B0-67A8-49C3-8DF0-B8C300F4572D}.Debug|x64.ActiveCfg = Debug|Any CPU
		{052BC4B0-67A8-49C3-8DF0-B8C300F4572D}.Debug|x64.Build.0 = Debug|Any CPU
		{052BC4B0-67A8-49C3-8DF0-B8C300F4572D}.Debug|x86.ActiveCfg = Debug|Any CPU
		{052BC4B0-67A8-49C3-8DF0-B8C300F4572D}.Debug|x86.Build.0 = Debug|Any CPU
		{052BC4B0-67A8-49C3-8DF0-B8C300F4572D}.Release|Any CPU.ActiveCfg = Release|Any CPU
		{052BC4B0-67A8-49C3-8DF0-B8C300F4572D}.Release|Any CPU.Build.0 = Release|Any CPU
		{052BC4B0-67A8-49C3-8DF0-B8C300F4572D}.Release|x64.ActiveCfg = Release|Any CPU
		{052BC4B0-67A8-49C3-8DF0-B8C300F4572D}.Release|x64.Build.0 = Release|Any CPU
		{052BC4B0-67A8-49C3-8DF0-B8C300F4572D}.Release|x86.ActiveCfg = Release|Any CPU
		{052BC4B0-67A8-49C3-8DF0-B8C300F4572D}.Release|x86.Build.0 = Release|Any CPU
	EndGlobalSection
	GlobalSection(SolutionProperties) = preSolution
		HideSolutionNode = FALSE
	EndGlobalSection
	GlobalSection(NestedProjects) = preSolution
		{5D6A07D2-A581-4919-8EA4-1E43781C0249} = {A9F27808-D288-0C6F-84AA-A75B49CFA878}
		{052BC4B0-67A8-49C3-8DF0-B8C300F4572D} = {7E50A06F-A38B-7BE7-1137-409223B8AEF0}
	EndGlobalSection
EndGlobal
